PODS:
  - RxCocoa (2.1.0):
    - RxSwift (~> 2.0)
  - RxDataSources (0.4):
    - RxCocoa (~> 2.1.0)
    - RxSwift (~> 2.1.0)
  - RxSwift (2.1.0)

DEPENDENCIES:
  - RxCocoa
  - RxDataSources
  - RxSwift

SPEC CHECKSUMS:
  RxCocoa: 79b5feb8378545336e756a0a33fcf5e95050b71c
  RxDataSources: e4b19d55267590f561a7ee1cd5d890a072b6586d
  RxSwift: 110fb07f81c17c2c3b3254d168363057b1880d18

PODFILE CHECKSUM: 8fb17f6d1c164fa398041b47af7a4ffc46f1e6a2

COCOAPODS: 1.0.0.beta.2
